{
  "name": "@writetome51/array-get-and-remove-by-test",
  "version": "1.0.0",
  "lockfileVersion": 1,
  "requires": true,
  "dependencies": {
    "@writetome51/array-and-index-validation": {
      "version": "1.0.6",
      "resolved": "https://registry.npmjs.org/@writetome51/array-and-index-validation/-/array-and-index-validation-1.0.6.tgz",
      "integrity": "sha512-GE0M3uhRSV6MJwu8cnsHxj5wkEPZ7OWehvsOGAQ1roUeItorJl7yvHzjkUZMKQoOPRpictr6r0Kj6zgopGu0gQ==",
      "requires": {
        "basic-data-handling": "~1.0.15",
        "error-if-not-populated-array": "~1.0.1"
      }
    },
    "@writetome51/array-get-adjacent-at": {
      "version": "1.0.3",
      "resolved": "https://registry.npmjs.org/@writetome51/array-get-adjacent-at/-/array-get-adjacent-at-1.0.3.tgz",
      "integrity": "sha512-Ae26Ly+h8Su9N663jsIIN1e8FNZnMA/SkVr2NJGIMipkOQUEVCQS2TuPn6Z4VdJqydOH61fQtrXXV3ofPnmATg==",
      "requires": {
        "@writetome51/array-and-index-validation": "~1.0.6",
        "basic-data-handling": "~1.0.15"
      }
    },
    "@writetome51/array-get-and-remove-adjacent-at": {
      "version": "1.0.4",
      "resolved": "https://registry.npmjs.org/@writetome51/array-get-and-remove-adjacent-at/-/array-get-and-remove-adjacent-at-1.0.4.tgz",
      "integrity": "sha512-5yDvyVEJYfkmZR8hjs2iKP6nslwgtjUsrKIaN5NaMAzgv/9bKek9pFhaO+V4HFecmy/B0AMSr7R20n8zxIpTRA==",
      "requires": {
        "@writetome51/array-and-index-validation": "~1.0.6"
      }
    },
    "@writetome51/array-get-and-remove-by-index": {
      "version": "1.0.3",
      "resolved": "https://registry.npmjs.org/@writetome51/array-get-and-remove-by-index/-/array-get-and-remove-by-index-1.0.3.tgz",
      "integrity": "sha512-P7h4dpOi916RdO5qcEcrnw6UjC0PM1iDYM2jZyHZigKac3nN6XwBZrFbMsWXKECz1Oz9y8f+HlGu+cPOBefbyA==",
      "requires": {
        "@writetome51/array-get-and-remove-adjacent-at": "~1.0.4"
      }
    },
    "@writetome51/array-get-and-remove-by-indexes": {
      "version": "1.0.3",
      "resolved": "https://registry.npmjs.org/@writetome51/array-get-and-remove-by-indexes/-/array-get-and-remove-by-indexes-1.0.3.tgz",
      "integrity": "sha512-n8DIzQJ9E6fpPuhqugrXxcIrBS5Ro1R9HCUDjFvhLZ6gLyKOE33F3RAE+PEQGYlmlmNtTTVnOn5agOF4mTZuPg==",
      "requires": {
        "@writetome51/array-and-index-validation": "~1.0.6",
        "@writetome51/array-get-and-remove-by-index": "~1.0.3",
        "@writetome51/array-get-copy": "~1.1.2",
        "@writetome51/array-remove-by-index": "~1.0.2",
        "@writetome51/array-remove-duplicates": "~1.1.2",
        "@writetome51/get-in-ascending-order": "~1.0.5",
        "@writetome51/set-array": "~1.0.2",
        "basic-data-handling": "~1.0.15"
      }
    },
    "@writetome51/array-get-and-remove-duplicates": {
      "version": "1.0.5",
      "resolved": "https://registry.npmjs.org/@writetome51/array-get-and-remove-duplicates/-/array-get-and-remove-duplicates-1.0.5.tgz",
      "integrity": "sha512-kQLKfmb4bQ+7uLra5uHV3paps7NWDXLwg1Zs7T1O4+yT4xf2LnUuLVIN55IAO5gaEpPEkN2gty9GT+J2+NZqlA==",
      "requires": {
        "@writetome51/array-get-duplicates": "~1.1.2",
        "@writetome51/array-remove-all-of-first-of": "~1.0.6",
        "basic-data-handling": "~1.0.15",
        "error-if-not-populated-array": "~1.0.1"
      }
    },
    "@writetome51/array-get-by-test": {
      "version": "1.0.0",
      "resolved": "https://registry.npmjs.org/@writetome51/array-get-by-test/-/array-get-by-test-1.0.0.tgz",
      "integrity": "sha512-DPXJMHF4hvLpS9/xEWO2bPJsPRtfa4pc5ugFjxHksQ2f3x/Ena9ve5Utf/O2LIhYcgXM3jte44jc4v1cbCIAww==",
      "requires": {
        "basic-data-handling": "~1.0.15",
        "value-index-pair-interface": "~1.0.1"
      }
    },
    "@writetome51/array-get-copy": {
      "version": "1.1.2",
      "resolved": "https://registry.npmjs.org/@writetome51/array-get-copy/-/array-get-copy-1.1.2.tgz",
      "integrity": "sha512-4qBC/5VlNe22PK8Ec0rilDCo1Q0vzGxsEGMRgw3Jojft1E/39psIm5C4ecnaJtYCWqF+fc76I2Q1ZqTEoyXphQ==",
      "requires": {
        "@writetome51/array-get-merged-arrays": "~1.1.2",
        "basic-data-handling": "~1.0.15"
      }
    },
    "@writetome51/array-get-duplicates": {
      "version": "1.1.2",
      "resolved": "https://registry.npmjs.org/@writetome51/array-get-duplicates/-/array-get-duplicates-1.1.2.tgz",
      "integrity": "sha512-MseOIfADTHCeLEX9Ske3x/P6KMJQ6GVY1BJaTD6LmBuEIaiKqhic+eJ2GO3hukxbpZDaahfy4eLy6k9Pml1nPw==",
      "requires": {
        "@writetome51/array-get-indexes": "~1.0.0",
        "@writetome51/array-get-unique-items": "~1.1.2",
        "basic-data-handling": "~1.0.15"
      }
    },
    "@writetome51/array-get-indexes": {
      "version": "1.0.0",
      "resolved": "https://registry.npmjs.org/@writetome51/array-get-indexes/-/array-get-indexes-1.0.0.tgz",
      "integrity": "sha512-Lc7fsQn7mJeTf7Z22TwFPbq8Ozz1BZ68XBfUzKtwADYHiC1Bgn0KW+aNklJHmjtSVictcRovjt1JcM0HacSMCA==",
      "requires": {
        "@writetome51/arrays-match": "~1.0.5",
        "basic-data-handling": "~1.0.15",
        "error-if-not-populated-array": "~1.0.1",
        "error-if-not-primitive-or-array": "~1.0.1",
        "error-if-values-are-not-arrays": "~1.0.2"
      }
    },
    "@writetome51/array-get-merged-arrays": {
      "version": "1.1.2",
      "resolved": "https://registry.npmjs.org/@writetome51/array-get-merged-arrays/-/array-get-merged-arrays-1.1.2.tgz",
      "integrity": "sha512-FBi1hLxhDXU2uNhMMaZwZD5uVownQ7EdfBkn0RljdkkfUsMB+PvIOpgx3uh2WYlZWWr8KMPAMPkatgT+uxdK8w==",
      "requires": {
        "basic-data-handling": "~1.0.15"
      }
    },
    "@writetome51/array-get-unique-items": {
      "version": "1.1.2",
      "resolved": "https://registry.npmjs.org/@writetome51/array-get-unique-items/-/array-get-unique-items-1.1.2.tgz",
      "integrity": "sha512-OkGirMlg3sOk6qBjSEW5a/K0ikc8kwulMN779Y/WK21Gz5CaaovUikczhvWOdKD9o2p3ieqrbYBdamuLKxh1fA==",
      "requires": {
        "@writetome51/array-has": "~1.0.7",
        "@writetome51/not": "~1.0.4",
        "basic-data-handling": "~1.0.15"
      }
    },
    "@writetome51/array-has": {
      "version": "1.0.7",
      "resolved": "https://registry.npmjs.org/@writetome51/array-has/-/array-has-1.0.7.tgz",
      "integrity": "sha512-T0sHKfLMvWGjKPo5KOceJsVKvo8sBCHHa/TmQZ3auuH74RCgt+hoEi5fBAIv5IXY5S76UXG8fvwPzFPiGP+flg==",
      "requires": {
        "@writetome51/array-get-adjacent-at": "~1.0.3",
        "@writetome51/array-get-indexes": "~1.0.0",
        "@writetome51/arrays-match": "~1.0.5",
        "basic-data-handling": "~1.0.15"
      }
    },
    "@writetome51/array-remove-all-of-first-of": {
      "version": "1.0.6",
      "resolved": "https://registry.npmjs.org/@writetome51/array-remove-all-of-first-of/-/array-remove-all-of-first-of-1.0.6.tgz",
      "integrity": "sha512-jBq9Ddy/0QxX//1GXPKAx1zSGzALWuBOdB44S2w3BHlWZZH1/JJUKwRRXScs/IUR+TM+SNX8319rc/kOLsgguA==",
      "requires": {
        "@writetome51/array-get-indexes": "~1.0.0",
        "@writetome51/array-has": "~1.0.7",
        "@writetome51/array-remove-by-index": "~1.0.2",
        "error-if-not-populated-array": "~1.0.1"
      }
    },
    "@writetome51/array-remove-by-index": {
      "version": "1.0.2",
      "resolved": "https://registry.npmjs.org/@writetome51/array-remove-by-index/-/array-remove-by-index-1.0.2.tgz",
      "integrity": "sha512-IcdFycBUDUumKCMBoaY8TRD5VSWzYULvmscq2RkXYjWORbEtC+RDPrpwEXAzKDeABVttO48H2vw6LEW0RT6FKw==",
      "requires": {
        "@writetome51/array-get-and-remove-by-index": "~1.0.3"
      }
    },
    "@writetome51/array-remove-by-indexes": {
      "version": "1.0.2",
      "resolved": "https://registry.npmjs.org/@writetome51/array-remove-by-indexes/-/array-remove-by-indexes-1.0.2.tgz",
      "integrity": "sha512-X/Pd2E34E+VUlTwa/x8jCwyjqnb1eVuStgVic8uezZay5dTHX7laTlFrPAqjpFDqv7PIYrqOMAYz1oBKKjXgyA==",
      "requires": {
        "@writetome51/array-get-and-remove-by-indexes": "~1.0.3"
      }
    },
    "@writetome51/array-remove-duplicates": {
      "version": "1.1.2",
      "resolved": "https://registry.npmjs.org/@writetome51/array-remove-duplicates/-/array-remove-duplicates-1.1.2.tgz",
      "integrity": "sha512-OSrM7iWJSoZrVFSKQ5bS6TMdNuJIrck9R82jsBYM3FxoVAu/1VjjSVM3og0g5ApLeRFAqmSLiXTESQRHfzpOuw==",
      "requires": {
        "@writetome51/array-get-and-remove-duplicates": "~1.0.5"
      }
    },
    "@writetome51/arrays-match": {
      "version": "1.0.5",
      "resolved": "https://registry.npmjs.org/@writetome51/arrays-match/-/arrays-match-1.0.5.tgz",
      "integrity": "sha512-hg5i3N8g2ChvaLEh2n7H4iaLeiCgRzd+JzqH/Zwx0t06JA5HsHZ6XheJe4UgAFVBrLvJiBiof6IqgPrzyRz/Aw==",
      "requires": {
        "basic-data-handling": "~1.0.15",
        "error-if-values-are-not-arrays": "~1.0.2"
      }
    },
    "@writetome51/get-array-from-property": {
      "version": "1.1.1",
      "resolved": "https://registry.npmjs.org/@writetome51/get-array-from-property/-/get-array-from-property-1.1.1.tgz",
      "integrity": "sha512-3KefvrpCrAwGbOlytOl+mp2q6OSyYVEyIDT7Q6jEREtQ8MQ3dNP28pN6zoX7yxAwjubO1+XYs65o3jH/DxDQtw==",
      "requires": {
        "@writetome51/get-property": "~1.0.2",
        "error-if-not-populated-array": "~1.0.1"
      }
    },
    "@writetome51/get-in-ascending-order": {
      "version": "1.0.5",
      "resolved": "https://registry.npmjs.org/@writetome51/get-in-ascending-order/-/get-in-ascending-order-1.0.5.tgz",
      "integrity": "sha512-OXIGcTF30LCH+o1sYyK6nKlhCTJ+4MFEx2j3YyFp+oPiNZZvH3YqMnLbgc/P+8LXyxJ7CCmxRMCqHKArjl0JdQ==",
      "requires": {
        "@writetome51/array-get-copy": "~1.1.0",
        "@writetome51/array-get-merged-arrays": "~1.1.0",
        "@writetome51/get-sum-average-product": "~1.0.3",
        "@writetome51/in-ascending-order": "~1.0.0",
        "basic-data-handling": "~1.0.13"
      }
    },
    "@writetome51/get-property": {
      "version": "1.0.2",
      "resolved": "https://registry.npmjs.org/@writetome51/get-property/-/get-property-1.0.2.tgz",
      "integrity": "sha512-GLAenqO9Yp2U/4WhMKm22p441USSp7laSj5lZTBD9zaHA9DQex42xOGOTCuJB24cYYn9/tAg7PPaLkbQ2uzdrA==",
      "requires": {
        "basic-data-handling": "~1.0.15"
      }
    },
    "@writetome51/get-sum-average-product": {
      "version": "1.0.4",
      "resolved": "https://registry.npmjs.org/@writetome51/get-sum-average-product/-/get-sum-average-product-1.0.4.tgz",
      "integrity": "sha512-vuxwZ58WqsnFKFwFJ7NQr6ZlT2IVEK7dBF6x/Ej7/3XCqDgUl8+SU/RA4kN8CHgnlHJxy3LxgTmZOqTAAcAQuQ==",
      "requires": {
        "error-if-array-item-is-not-number": "~1.0.3",
        "error-if-not-populated-array": "~1.0.0"
      }
    },
    "@writetome51/in-ascending-order": {
      "version": "1.0.2",
      "resolved": "https://registry.npmjs.org/@writetome51/in-ascending-order/-/in-ascending-order-1.0.2.tgz",
      "integrity": "sha512-KJGsVogxYfu89Kzq0+go3yEqFF4pRKV2hDz9jlXQoE6hMOvrzjm29ed65RpjsR7T2TiZPEhLGyM8GCOHPamSNg==",
      "requires": {
        "error-if-array-item-is-not-number": "~1.0.4",
        "error-if-not-populated-array": "~1.0.1"
      }
    },
    "@writetome51/not": {
      "version": "1.0.4",
      "resolved": "https://registry.npmjs.org/@writetome51/not/-/not-1.0.4.tgz",
      "integrity": "sha512-SLkliFCiR73ChN8LvhAwFJikxgjVrl7vFlIh280eXpHUPts2IUto20chm9SSO7NVDp9g45WW/5st1bz643VXzg=="
    },
    "@writetome51/set-array": {
      "version": "1.0.2",
      "resolved": "https://registry.npmjs.org/@writetome51/set-array/-/set-array-1.0.2.tgz",
      "integrity": "sha512-+Q6sCvVmAqXQhj62Ldve2TpRuJQteN0VhNjBjv59Z9P47VB3jbSZBJlLcg0U+pTHsNhWNduN2KD85ynn5qWcKw==",
      "requires": {
        "error-if-values-are-not-arrays": "~1.0.2"
      }
    },
    "basic-data-handling": {
      "version": "1.0.15",
      "resolved": "https://registry.npmjs.org/basic-data-handling/-/basic-data-handling-1.0.15.tgz",
      "integrity": "sha512-HyXRwPTfhKacukW4mMJl+3IsFC+5NzMr9flzp+XBJhHol0eAZzLxYqP7w3Cme3cziKcshzoO7Zf/9C+bewJWpA=="
    },
    "error-if-array-item-is-not-number": {
      "version": "1.0.4",
      "resolved": "https://registry.npmjs.org/error-if-array-item-is-not-number/-/error-if-array-item-is-not-number-1.0.4.tgz",
      "integrity": "sha512-DuEEqU8PaUEjx2jsBUQYo6HwR+XH5bil0A8lz3kO5ZkJ36jS/ufOX8w4jiiOgdqpmq1pAmm/moRD6Bk5nedEDQ==",
      "requires": {
        "@writetome51/not": "~1.0.3",
        "basic-data-handling": "~1.0.13"
      }
    },
    "error-if-not-populated-array": {
      "version": "1.0.1",
      "resolved": "https://registry.npmjs.org/error-if-not-populated-array/-/error-if-not-populated-array-1.0.1.tgz",
      "integrity": "sha512-XKN0WUVUNrDOsB1PuBRQJ4/tVOeFceioLm+QPOpCkQaZlD9vVYZf+pRrFIoiqzVno7bx7AI2lNIfMWf7gRarvg==",
      "requires": {
        "basic-data-handling": "~1.0.13"
      }
    },
    "error-if-not-primitive-or-array": {
      "version": "1.0.1",
      "resolved": "https://registry.npmjs.org/error-if-not-primitive-or-array/-/error-if-not-primitive-or-array-1.0.1.tgz",
      "integrity": "sha512-Ygj6CAR2z3x5VvaOrXIO0+wye4nysSW67jCDJ6LAMnyasgKleaDkF+xwg/lSk70i95RIiIa19CEVqx8CBdryOg==",
      "requires": {
        "basic-data-handling": "~1.0.13"
      }
    },
    "error-if-values-are-not-arrays": {
      "version": "1.0.2",
      "resolved": "https://registry.npmjs.org/error-if-values-are-not-arrays/-/error-if-values-are-not-arrays-1.0.2.tgz",
      "integrity": "sha512-HD4BW6LoQpF0aGVIW1UCsY8LLnB+19kGoYs2HaB8CcaBcGw0ed3XnwJTSb/sr8YqLFkhfFO5bsaFB8savUPKsw==",
      "requires": {
        "basic-data-handling": "~1.0.13"
      }
    },
    "value-index-pair-interface": {
      "version": "1.0.1",
      "resolved": "https://registry.npmjs.org/value-index-pair-interface/-/value-index-pair-interface-1.0.1.tgz",
      "integrity": "sha512-Vk3EU8nH9ZXR21pBvEAkVb+h1eRGWRuoVWlJyUMC1r+TVXHWmGmhl7hm6YgJSngR3zXvPCJHnPfqFvS6N80Axw=="
    }
  }
}
