{
  "name": "@writetome51/array-get-and-removers-filtered-results-duplicates",
  "version": "1.0.0",
  "lockfileVersion": 1,
  "requires": true,
  "dependencies": {
    "@writetome51/array-analysis-basic": {
      "version": "1.0.1",
      "resolved": "https://registry.npmjs.org/@writetome51/array-analysis-basic/-/array-analysis-basic-1.0.1.tgz",
      "integrity": "sha512-tY/4f/DCIn7tP6XF/Iyph1Ha8T29dan4fsaxQJEPcyXstga4OyYVeNzWnW2bFpmzeMXooXVlk/2YEFBaUWFUsw==",
      "requires": {
        "@writetome51/array-get-indexes-basic": "^1.0.0",
        "basic-data-handling": "^1.0.8"
      }
    },
    "@writetome51/array-and-index-validation": {
      "version": "1.0.0",
      "resolved": "https://registry.npmjs.org/@writetome51/array-and-index-validation/-/array-and-index-validation-1.0.0.tgz",
      "integrity": "sha512-tlRCgXC/UNwtjiiot9QZot8uNG99jvluUSJe0tNxY5LGKEBU8DHZN/yh1OfkVnrrXWjWTmtISv5SM32LtXRWXg==",
      "requires": {
        "basic-data-handling": "^1.0.8"
      }
    },
    "@writetome51/array-get-and-removers-basic": {
      "version": "1.0.0",
      "resolved": "https://registry.npmjs.org/@writetome51/array-get-and-removers-basic/-/array-get-and-removers-basic-1.0.0.tgz",
      "integrity": "sha512-Q8n4QWuG84eRSoYPDoEXSe25qghrhGylx7ML/jTl7HBkX0mfmPAECO9c+7ndOjpLpyKotBox1azjFhuy/TnNoQ==",
      "requires": {
        "@writetome51/array-and-index-validation": "^1.0.0",
        "basic-data-handling": "^1.0.8"
      }
    },
    "@writetome51/array-get-duplicates-and-unique-items": {
      "version": "1.0.0",
      "resolved": "https://registry.npmjs.org/@writetome51/array-get-duplicates-and-unique-items/-/array-get-duplicates-and-unique-items-1.0.0.tgz",
      "integrity": "sha512-NGDsAVB9SUe2gAHL8Rv1+3V38zCxAS/VJtt7k4T4yuEzEcTGcze56oQ3/dEUEpdojKR+85YblUQfrIYxpQSPxQ==",
      "requires": {
        "@writetome51/array-analysis-basic": "^1.0.1",
        "@writetome51/array-get-indexes-intermediate": "^1.0.0",
        "basic-data-handling": "^1.0.8"
      }
    },
    "@writetome51/array-get-indexes-basic": {
      "version": "1.0.0",
      "resolved": "https://registry.npmjs.org/@writetome51/array-get-indexes-basic/-/array-get-indexes-basic-1.0.0.tgz",
      "integrity": "sha512-PY6QDVk0KWXnEBn2E9rJVDUSn9awuhPmZFEGOAuLwNjxqF88wstt/uzQiQfaaWUZyV2ut3kbiEkwChA3lDLd6Q==",
      "requires": {
        "@writetome51/array-and-index-validation": "^1.0.0",
        "@writetome51/array-non-modifying-getters-basic": "^1.0.0",
        "@writetome51/arrays-match": "^1.0.0",
        "basic-data-handling": "^1.0.8"
      }
    },
    "@writetome51/array-get-indexes-intermediate": {
      "version": "1.0.0",
      "resolved": "https://registry.npmjs.org/@writetome51/array-get-indexes-intermediate/-/array-get-indexes-intermediate-1.0.0.tgz",
      "integrity": "sha512-k9HKHTWKU+V3/fpaX9WR2OXqk7IlLF6v/DfO85SVf5uxOOCo8jjxOMCplvEKOk6jFG+OMp3568+ptKRRGcUPDQ==",
      "requires": {
        "@writetome51/array-get-indexes-basic": "^1.0.0",
        "@writetome51/array-non-modifying-getters-basic": "^1.0.0",
        "@writetome51/array-removers-basic": "^1.0.0",
        "basic-data-handling": "^1.0.8"
      }
    },
    "@writetome51/array-non-modifying-getters-basic": {
      "version": "1.0.0",
      "resolved": "https://registry.npmjs.org/@writetome51/array-non-modifying-getters-basic/-/array-non-modifying-getters-basic-1.0.0.tgz",
      "integrity": "sha512-YHUmLvs5fr7zRjatbWiwc3JnzEG/NWlD189GLIUB94xcn0HNmIPW9BcCPKQQXZqAjetPGOQ/li3mWQR8YLRZ8g==",
      "requires": {
        "@writetome51/array-and-index-validation": "^1.0.0",
        "basic-data-handling": "^1.0.8"
      }
    },
    "@writetome51/array-remove-all-of-first-of": {
      "version": "1.0.0",
      "resolved": "https://registry.npmjs.org/@writetome51/array-remove-all-of-first-of/-/array-remove-all-of-first-of-1.0.0.tgz",
      "integrity": "sha512-0x771Rfm+UjLid1YQ6DYP/avQOmQryKwxsuIRvHgtBOr+6GjToMUbkdhmMwtWjCcz25QBvedyWR3xlS/Y3Ba0w==",
      "requires": {
        "@writetome51/array-analysis-basic": "^1.0.1",
        "@writetome51/array-get-indexes-basic": "^1.0.0",
        "@writetome51/array-removers-basic": "^1.0.0"
      }
    },
    "@writetome51/array-removers-basic": {
      "version": "1.0.0",
      "resolved": "https://registry.npmjs.org/@writetome51/array-removers-basic/-/array-removers-basic-1.0.0.tgz",
      "integrity": "sha512-YFVkF2hl5N38xs5DscCwJ7EGzqw01PwrqUZVu/54kl8Tp/5HAMJJXns3oljgZIZihMV66S0DZ4THNuQq/mBu8Q==",
      "requires": {
        "@writetome51/array-get-and-removers-basic": "^1.0.0"
      }
    },
    "@writetome51/arrays-match": {
      "version": "1.0.0",
      "resolved": "https://registry.npmjs.org/@writetome51/arrays-match/-/arrays-match-1.0.0.tgz",
      "integrity": "sha512-gKtR9FUQvXMiLWf6gKizV4VyjeNb8MmMkKW/3U3l03gQniXDMlS6XZpzkian+YBX8DycjQVEUkCAfx9E78BDbw==",
      "requires": {
        "basic-data-handling": "^1.0.8"
      }
    },
    "basic-data-handling": {
      "version": "1.0.8",
      "resolved": "https://registry.npmjs.org/basic-data-handling/-/basic-data-handling-1.0.8.tgz",
      "integrity": "sha512-t/1o9O/mThdfCW1Z9Tlh0C4IR6J3H41fE+QZ+RKTvBBISVn1XSUYONNADhHsoN23G+8b7MleEswnCMlFkHioAQ=="
    }
  }
}
