{
  "name": "@writetome51/array-get-and-remove-by-test",
  "version": "2.0.0",
  "lockfileVersion": 1,
  "requires": true,
  "dependencies": {
    "@writetome51/array-get-adjacent-at": {
      "version": "2.0.0",
      "resolved": "https://registry.npmjs.org/@writetome51/array-get-adjacent-at/-/array-get-adjacent-at-2.0.0.tgz",
      "integrity": "sha512-VcU3DsRslN+mJmHUD26UQCTEP79Tv9i/KIuc2pUuKT9Ib37+Q2GF3ftUi6BuC3wQTIylhz1eAl22ZOMZROMC1w==",
      "requires": {
        "error-if-array-too-short-to-meet-adjacent-items-request": "^2.0.0",
        "error-if-index-how-many-or-array-are-not-valid": "^2.0.0"
      }
    },
    "@writetome51/array-get-and-remove-adjacent-at": {
      "version": "2.0.0",
      "resolved": "https://registry.npmjs.org/@writetome51/array-get-and-remove-adjacent-at/-/array-get-and-remove-adjacent-at-2.0.0.tgz",
      "integrity": "sha512-80sDR1qs/7jX3PV3YSvMS1GJp9xAH0BRdQBsidHCc7CYwvOVlsvit3EFYqKU0DS+cCwIfF+fBEeXQ48vbB8zNA==",
      "requires": {
        "error-if-array-too-short-to-meet-adjacent-items-request": "^2.0.0",
        "error-if-index-how-many-or-array-are-not-valid": "^2.0.1"
      }
    },
    "@writetome51/array-get-and-remove-by-index": {
      "version": "2.0.0",
      "resolved": "https://registry.npmjs.org/@writetome51/array-get-and-remove-by-index/-/array-get-and-remove-by-index-2.0.0.tgz",
      "integrity": "sha512-p58G1g9Hl3Nmz2h0+GX2nfwvJ51ldoUUXDfDd0JoAOu7nUprmOAeY4dp0LL12h66Wm09Am18GKxksN3cqCli2A==",
      "requires": {
        "@writetome51/array-get-and-remove-adjacent-at": "^2.0.0"
      }
    },
    "@writetome51/array-get-and-remove-by-indexes": {
      "version": "2.0.0",
      "resolved": "https://registry.npmjs.org/@writetome51/array-get-and-remove-by-indexes/-/array-get-and-remove-by-indexes-2.0.0.tgz",
      "integrity": "sha512-pnx1jVX18g69vfUHplI1uNzxfK/Efz+UTMnfbcgWhjHkVSDxV/wxHkF6tc1t2F8bKYEXmrYx1YwdMgx7zGshtA==",
      "requires": {
        "@writetome51/array-get-and-remove-by-index": "^2.0.0",
        "@writetome51/array-remove-by-index": "^2.0.0",
        "@writetome51/array-remove-duplicates": "^2.0.0",
        "@writetome51/get-array-copy": "^1.0.0",
        "@writetome51/get-in-numeric-order": "^2.0.0",
        "@writetome51/is-empty-not-empty": "^2.0.0",
        "@writetome51/set-array": "^2.0.0",
        "error-if-index-not-valid": "^2.0.0"
      }
    },
    "@writetome51/array-get-by-test": {
      "version": "2.0.0",
      "resolved": "https://registry.npmjs.org/@writetome51/array-get-by-test/-/array-get-by-test-2.0.0.tgz",
      "integrity": "sha512-FLzj88SgEgTyEK23DE7hhjO4UixugAaZNgjiqluluAWOCwkvYOkgbSMbuTsJhaYImGFY/Wjo+S+bYSqp5XIXKw=="
    },
    "@writetome51/array-get-indexes-of": {
      "version": "2.0.0",
      "resolved": "https://registry.npmjs.org/@writetome51/array-get-indexes-of/-/array-get-indexes-of-2.0.0.tgz",
      "integrity": "sha512-zV+/BxVlzsdjJ6EUb4kGH1AuyRYo9FMtq6mJQOLy+u/5QbDHe2vVFUuB/cB0gI4PCgRZ3gYQVG+XoIddac9ZgA==",
      "requires": {
        "@writetome51/arrays-match": "^2.0.0",
        "@writetome51/get-array-copy": "^1.0.0",
        "@writetome51/get-index-for-reversed-array": "^2.0.0",
        "@writetome51/is-array-not-array": "^2.0.0",
        "error-if-length-is-zero": "^1.0.1",
        "error-if-not-integer": "^2.0.0"
      }
    },
    "@writetome51/array-get-merged-arrays": {
      "version": "2.0.0",
      "resolved": "https://registry.npmjs.org/@writetome51/array-get-merged-arrays/-/array-get-merged-arrays-2.0.0.tgz",
      "integrity": "sha512-o3TU1tMEXobp0mxbxnuFzB1/GcKOKad8w4QSITONnTw8FTxSd/dlF0A9ukshdMariSDCy06nlUdm9V9hOecQcA==",
      "requires": {
        "error-if-not-array": "^2.0.0"
      }
    },
    "@writetome51/array-get-unique-items": {
      "version": "2.0.0",
      "resolved": "https://registry.npmjs.org/@writetome51/array-get-unique-items/-/array-get-unique-items-2.0.0.tgz",
      "integrity": "sha512-uXDZ3pjS/cpQbSeil5Xwf2EYh8bp8TKuWMJFyU2+ia6aIrH12IieZfkz9sdT6ei2/2jZdhx2syXpefAPDBiTiA==",
      "requires": {
        "@writetome51/array-has": "^2.0.0",
        "@writetome51/not": "^2.0.0"
      }
    },
    "@writetome51/array-has": {
      "version": "2.0.0",
      "resolved": "https://registry.npmjs.org/@writetome51/array-has/-/array-has-2.0.0.tgz",
      "integrity": "sha512-OPxl+IqiG5KHr0CTu0YJKf2uC87hgYF58Imp7on8sIDeTw/W2YKFipCStsrqTZF+X273lQWPX1JHtqpW0HgmVQ==",
      "requires": {
        "@writetome51/array-get-adjacent-at": "^2.0.0",
        "@writetome51/array-get-indexes-of": "^2.0.0",
        "@writetome51/arrays-match": "^2.0.0",
        "@writetome51/is-empty-not-empty": "^2.0.0",
        "error-if-not-array": "^2.0.0"
      }
    },
    "@writetome51/array-remove-by-index": {
      "version": "2.0.0",
      "resolved": "https://registry.npmjs.org/@writetome51/array-remove-by-index/-/array-remove-by-index-2.0.0.tgz",
      "integrity": "sha512-knDAFaGgb30pFKEbXVpTcyzOIeP8GyQjeJtKIfg/7k39kv7tgdTb+Z0XcoRmXzEwGMecIkkOg5vT130UV7f3rA==",
      "requires": {
        "@writetome51/array-get-and-remove-by-index": "^2.0.0"
      }
    },
    "@writetome51/array-remove-by-indexes": {
      "version": "2.0.0",
      "resolved": "https://registry.npmjs.org/@writetome51/array-remove-by-indexes/-/array-remove-by-indexes-2.0.0.tgz",
      "integrity": "sha512-Y35QZzUk3tRAyQui1zSKfbwFWdoFuCmdMdzk6uDf+kPtAhK6Hdu1HayMtIGBb/Nqpqpl3jfO4cB7PBSb7hkCGw==",
      "requires": {
        "@writetome51/array-get-and-remove-by-indexes": "^2.0.0"
      }
    },
    "@writetome51/array-remove-duplicates": {
      "version": "2.0.0",
      "resolved": "https://registry.npmjs.org/@writetome51/array-remove-duplicates/-/array-remove-duplicates-2.0.0.tgz",
      "integrity": "sha512-LimjQPnSzEpgA39tgyleU7+MP6jrUa/tnsUz/sWrmN45oLAJkYw4URvFG4Ajf1pQIhEbHwwxzkBDl6tcifTx5w==",
      "requires": {
        "@writetome51/array-get-unique-items": "^2.0.0",
        "@writetome51/set-array": "^2.0.0"
      }
    },
    "@writetome51/arrays-match": {
      "version": "2.0.0",
      "resolved": "https://registry.npmjs.org/@writetome51/arrays-match/-/arrays-match-2.0.0.tgz",
      "integrity": "sha512-SRoAu1jzJn5jFo7yP8aZm1QwprgtXkAADln5cD187SYHBwb6LWmPSNxDW2KmmfTL2E0jq39JjbpfLPti+hW7Dw==",
      "requires": {
        "@writetome51/is-array-not-array": "^2.0.0",
        "@writetome51/is-empty-not-empty": "^2.0.0",
        "error-if-values-are-not-arrays": "^2.0.0"
      }
    },
    "@writetome51/get-array-copy": {
      "version": "1.0.0",
      "resolved": "https://registry.npmjs.org/@writetome51/get-array-copy/-/get-array-copy-1.0.0.tgz",
      "integrity": "sha512-t2E8n/80SE9k6WUq6ovDXnKTRPcbMM0qqu738wTASSW8bbBKEWhZ8oF+hX5xCjP0EWkRln5BzN/6tztaMVgdAA==",
      "requires": {
        "error-if-not-array": "^2.0.0"
      }
    },
    "@writetome51/get-array-from-property": {
      "version": "2.0.0",
      "resolved": "https://registry.npmjs.org/@writetome51/get-array-from-property/-/get-array-from-property-2.0.0.tgz",
      "integrity": "sha512-EtQ+BnJN6tcssKH0BevFBg8rJotFtj9sNC9vkz13myrZ7kRhpmK1pJaHDTFojKfhJALeYnCg53psBzXm70tR1w==",
      "requires": {
        "@writetome51/get-property": "^2.0.0",
        "error-if-length-is-zero": "^1.0.1"
      }
    },
    "@writetome51/get-in-numeric-order": {
      "version": "2.0.0",
      "resolved": "https://registry.npmjs.org/@writetome51/get-in-numeric-order/-/get-in-numeric-order-2.0.0.tgz",
      "integrity": "sha512-UE65v/EEZu32sO6Sn1MAAJzyJf9mTSVyplpGWF+i1OvNoyyC997cYr6IkMX9GyLPspV2BpS0up37kOcTkLXWcA==",
      "requires": {
        "@writetome51/array-get-merged-arrays": "^2.0.0",
        "@writetome51/get-array-copy": "^1.0.0",
        "@writetome51/get-sum-average-product": "^2.0.0",
        "@writetome51/in-numeric-order": "^2.0.0",
        "@writetome51/is-array-not-array": "^2.0.0",
        "@writetome51/not": "^2.0.0"
      }
    },
    "@writetome51/get-index-for-reversed-array": {
      "version": "2.0.0",
      "resolved": "https://registry.npmjs.org/@writetome51/get-index-for-reversed-array/-/get-index-for-reversed-array-2.0.0.tgz",
      "integrity": "sha512-to27wN023LWYUfahsW60Mom99EpuFHGBBSUPWzYbuNUXTgynBNXA7B5UaRdYZqkST1915c4JuDOJ9Xs84HTRxw==",
      "requires": {
        "error-if-index-not-valid": "^2.0.0",
        "error-if-not-integer-zero-or-greater": "^2.0.0"
      }
    },
    "@writetome51/get-property": {
      "version": "2.0.0",
      "resolved": "https://registry.npmjs.org/@writetome51/get-property/-/get-property-2.0.0.tgz",
      "integrity": "sha512-cOD4p3HfFrkIdgAgky+4PisDZjkdwRlcSHc2fE5g0Y/+vJ2QfA7QLo2sxZnu9kbQXzwBaEhnBzt6OwXWA/ER0g==",
      "requires": {
        "error-if-length-is-zero": "^1.0.1",
        "error-if-not-object": "^2.0.0"
      }
    },
    "@writetome51/get-sum-average-product": {
      "version": "2.0.0",
      "resolved": "https://registry.npmjs.org/@writetome51/get-sum-average-product/-/get-sum-average-product-2.0.0.tgz",
      "integrity": "sha512-/MS6384LovP57u13T3ctjejd1IFAmLN7101rImmmzmZ8i+pp8hLDomZ3iHH0cFmemjIZTMcxYKqKexuv8nT9kQ==",
      "requires": {
        "error-if-length-is-zero": "^1.0.0",
        "error-if-not-finite-number": "^2.0.0"
      }
    },
    "@writetome51/has-value-no-value": {
      "version": "2.0.0",
      "resolved": "https://registry.npmjs.org/@writetome51/has-value-no-value/-/has-value-no-value-2.0.0.tgz",
      "integrity": "sha512-ArFqWggtrr9sbi8/WEBNZLYlk7j8QesRWhaeHQdwc6tgfbjqibWVY6zrdL9UjCnqlEKPT2dNBcMj96gPfUqDoQ=="
    },
    "@writetome51/in-numeric-order": {
      "version": "2.0.0",
      "resolved": "https://registry.npmjs.org/@writetome51/in-numeric-order/-/in-numeric-order-2.0.0.tgz",
      "integrity": "sha512-poBFyD8AA2wVmV5Wv5wjdi5u908BIxr0e++AcvGb9GlVzT6UrqhnUatM/l+UX1IF9NRWTbQ7R9pOOfHbFJ9bmg==",
      "requires": {
        "@writetome51/has-value-no-value": "^2.0.0",
        "error-if-length-is-zero": "^1.0.1",
        "error-if-not-finite-number": "^2.0.0"
      }
    },
    "@writetome51/index-is-valid": {
      "version": "2.0.0",
      "resolved": "https://registry.npmjs.org/@writetome51/index-is-valid/-/index-is-valid-2.0.0.tgz",
      "integrity": "sha512-Nmed46ugpEwI+q+k7Zy4XH8yL4IuMZA2FkCzVCE+qS0p+h9VmUwBXclF4FYUx1Io7l5Vvtvyj5IyzPZOHDnR9Q==",
      "requires": {
        "error-if-not-integer": "^2.0.0"
      }
    },
    "@writetome51/is-array-not-array": {
      "version": "2.0.0",
      "resolved": "https://registry.npmjs.org/@writetome51/is-array-not-array/-/is-array-not-array-2.0.0.tgz",
      "integrity": "sha512-IVc3BgxLuBsSPzteYbwpgOYyqP0DjpIMsPbjSOrCeMAGvJhojLBiBkw/I70faMs6iuPalOklfGm60XcRU7aZ3g=="
    },
    "@writetome51/is-empty-not-empty": {
      "version": "2.0.0",
      "resolved": "https://registry.npmjs.org/@writetome51/is-empty-not-empty/-/is-empty-not-empty-2.0.0.tgz",
      "integrity": "sha512-BeC0sHRtRRC//2StBt94nQykjvJ1xLDsdt16QPXSwma4iTCTt/H4FReok6kw591AI2w9WiULlH8bT8qkPBoRrw==",
      "requires": {
        "error-if-not-integer": "^2.0.0"
      }
    },
    "@writetome51/is-finite-number": {
      "version": "2.0.0",
      "resolved": "https://registry.npmjs.org/@writetome51/is-finite-number/-/is-finite-number-2.0.0.tgz",
      "integrity": "sha512-mVQxcMuSjRZvG2MxM4KFerGLNuhaeoVR7vC6itSnx/DNTENm0YHPNqh4E7FqjMt94pnis/iwhSnSpKouf88CDA=="
    },
    "@writetome51/is-integer-is-float": {
      "version": "2.0.0",
      "resolved": "https://registry.npmjs.org/@writetome51/is-integer-is-float/-/is-integer-is-float-2.0.0.tgz",
      "integrity": "sha512-5SbWU1X1mAqm4expj+/g0+j5oQojH0JTa9uDwALpsZHgZZ2wkRGwqI0pvWLAw1BVCOWhPycC1AMjGCj/ZnfN0g==",
      "requires": {
        "@writetome51/is-finite-number": "^2.0.0"
      }
    },
    "@writetome51/is-object-not-object": {
      "version": "2.0.0",
      "resolved": "https://registry.npmjs.org/@writetome51/is-object-not-object/-/is-object-not-object-2.0.0.tgz",
      "integrity": "sha512-CuydlACtzhrGryvL05k2WF35utLWrwYoSEK7bLcW1iSlcf3AkZ/own6WwODIpsMvLJfpTv5KFeJ1BEPvkZKGIw=="
    },
    "@writetome51/not": {
      "version": "2.0.0",
      "resolved": "https://registry.npmjs.org/@writetome51/not/-/not-2.0.0.tgz",
      "integrity": "sha512-CS+S0XafZPStxI16/27TBIfQETu5JfvD9VPBbw7sr42Vjotv6q02IjtwLgfAVcjQlsj+IL5I+2Hs6uoI7kinmA=="
    },
    "@writetome51/set-array": {
      "version": "2.0.0",
      "resolved": "https://registry.npmjs.org/@writetome51/set-array/-/set-array-2.0.0.tgz",
      "integrity": "sha512-Siw7NQ+/Nax8Q9+6mZics7HrgIs1kul7zzv1Tbp/NJZzirt+StV4aeqnkH0VjkYlC8kb2es7Jc4VT53EXuiw3Q==",
      "requires": {
        "error-if-values-are-not-arrays": "^2.0.0"
      }
    },
    "error-if-array-too-short-to-meet-adjacent-items-request": {
      "version": "2.0.0",
      "resolved": "https://registry.npmjs.org/error-if-array-too-short-to-meet-adjacent-items-request/-/error-if-array-too-short-to-meet-adjacent-items-request-2.0.0.tgz",
      "integrity": "sha512-VJl7jkZ6tS0ahw4qlMlvlLMhMmml8oSdWmQn9Eanuo6iNr302aNkeF3IwnCdprUcmRw/3a2vZFVM3fJBW262fw=="
    },
    "error-if-index-how-many-or-array-are-not-valid": {
      "version": "2.0.1",
      "resolved": "https://registry.npmjs.org/error-if-index-how-many-or-array-are-not-valid/-/error-if-index-how-many-or-array-are-not-valid-2.0.1.tgz",
      "integrity": "sha512-FsBclMV37Q/ULCQf1t1gxHAgQP2SZIR8eo23VktcVCTZbjtDuiSzHKhDjHJEFK2/1I1uTUF4O+cfK/+xlpZCgQ==",
      "requires": {
        "error-if-index-not-valid": "^2.0.0",
        "error-if-not-array": "^2.0.0",
        "error-if-not-integer": "^2.0.0"
      }
    },
    "error-if-index-not-valid": {
      "version": "2.0.0",
      "resolved": "https://registry.npmjs.org/error-if-index-not-valid/-/error-if-index-not-valid-2.0.0.tgz",
      "integrity": "sha512-YHcWv6Iwuhc+rTJrCwdbMMEP3cR9lPDzAfAPHJotdCXxFmyV9k+PtcFrc6CHrf4KU9AG8FLQ0SZ1wb+iZtUZRQ==",
      "requires": {
        "@writetome51/index-is-valid": "^2.0.0"
      }
    },
    "error-if-length-is-zero": {
      "version": "1.0.1",
      "resolved": "https://registry.npmjs.org/error-if-length-is-zero/-/error-if-length-is-zero-1.0.1.tgz",
      "integrity": "sha512-UB2bqtLZ9lpexrsjQbH6UkdBJpmeesBQZHGEYwOFoiKReRuQlG/cODCOMNY+Fq8EFyeF1gg99eMSjdztqUEQqA=="
    },
    "error-if-not-array": {
      "version": "2.0.0",
      "resolved": "https://registry.npmjs.org/error-if-not-array/-/error-if-not-array-2.0.0.tgz",
      "integrity": "sha512-kBAYpWy9xGjELgGqmS2QPbRJPXfacAxBwgitXIwMEglY0p3C2p4++sf3uDszXaDoy4cwgGrFj+FkthsxQFh/ag=="
    },
    "error-if-not-finite-number": {
      "version": "2.0.0",
      "resolved": "https://registry.npmjs.org/error-if-not-finite-number/-/error-if-not-finite-number-2.0.0.tgz",
      "integrity": "sha512-CBxJ+SqnHf1uVCQ9v8777aEC6UxQ3NNoSjDrOgr3iaT9m7LxUf9vFwKBPONTLfGnWFVCirH6KdHNTI2+4lT8cQ==",
      "requires": {
        "@writetome51/is-finite-number": "^2.0.0"
      }
    },
    "error-if-not-integer": {
      "version": "2.0.0",
      "resolved": "https://registry.npmjs.org/error-if-not-integer/-/error-if-not-integer-2.0.0.tgz",
      "integrity": "sha512-jCDTtwK4fZVn0DNJKXYCynF/B+AUG9Ge3snFw4fq2nYzT1c1uTeWvPDXxRT4OKpNjIeOUhxzJmqb4KLwLETjQg==",
      "requires": {
        "@writetome51/is-integer-is-float": "^2.0.0",
        "error-if-not-finite-number": "^2.0.0"
      }
    },
    "error-if-not-integer-zero-or-greater": {
      "version": "2.0.0",
      "resolved": "https://registry.npmjs.org/error-if-not-integer-zero-or-greater/-/error-if-not-integer-zero-or-greater-2.0.0.tgz",
      "integrity": "sha512-xWxRI6EsaSCSC9WYVyQEUw3W23pvJ6gFh2vRi4L25csGOsKw7sW3FtK3FQNN2QhKmzQaZqJVbfhpLbTvSoG4GQ==",
      "requires": {
        "error-if-not-integer": "^2.0.0"
      }
    },
    "error-if-not-object": {
      "version": "2.0.0",
      "resolved": "https://registry.npmjs.org/error-if-not-object/-/error-if-not-object-2.0.0.tgz",
      "integrity": "sha512-jtmWyJasrRxyi9XIYReE2z9p6eLHPzmYaceZrFU68diHFLH/G0evKM67MMgSgKUhIjjZk34y5+H3dgoCDCfFzg==",
      "requires": {
        "@writetome51/is-object-not-object": "^2.0.0"
      }
    },
    "error-if-values-are-not-arrays": {
      "version": "2.0.0",
      "resolved": "https://registry.npmjs.org/error-if-values-are-not-arrays/-/error-if-values-are-not-arrays-2.0.0.tgz",
      "integrity": "sha512-AYOwGGJGQOBsE3h7LZbXBMvuK6F0AIWSp/l3rLhrPXtsSxPS4nIZijneojjUEGZlOOU28tApT2DVY/k5tiqbtQ==",
      "requires": {
        "error-if-not-array": "^2.0.0"
      }
    }
  }
}
